{
  "name": "create-waltz-ui-app",
  "version": "0.0.1",
  "lockfileVersion": 2,
  "requires": true,
  "packages": {
    "": {
      "name": "create-waltz-ui-app",
      "version": "0.0.1",
      "license": "ISC",
      "dependencies": {},
      "bin": {
        "create-waltz-ui-app": "bin/create-waltz-ui-app.js"
      }
    },
    "node_modules/sonata-api-spec": {
      "version": "1.0.0",
      "resolved": "https://registry.npmjs.org/sonata-api-spec/-/sonata-api-spec-1.0.0.tgz",
      "integrity": "sha512-2oUvMKuzor9y4O9FHFkvpQ9S/1NWqQIpQKqK5hMRO07vqnzfUxhhqx9LDj5fhmPZxt2ju7Ao2Xodnt986rznww=="
    }
  },
  "dependencies": {
    "sonata-api-spec": {
      "version": "1.0.0",
      "resolved": "https://registry.npmjs.org/sonata-api-spec/-/sonata-api-spec-1.0.0.tgz",
      "integrity": "sha512-2oUvMKuzor9y4O9FHFkvpQ9S/1NWqQIpQKqK5hMRO07vqnzfUxhhqx9LDj5fhmPZxt2ju7Ao2Xodnt986rznww=="
    }
  }
}
